
Microsoft Visual Studio Solution File, Format Version 12.00
# Visual Studio Version 16
VisualStudioVersion = 16.0.30804.86
MinimumVisualStudioVersion = 10.0.40219.1
Project("{8BC9CEB8-8B4A-11D0-8D11-00A0C91BC942}") = "21_9_10_", "21_9_10_\21_9_10_.vcxproj", "{21FEBC06-6CD5-481B-8D1F-D4435D84349C}"
EndProject
Global
	GlobalSection(SolutionConfigurationPlatforms) = preSolution
		Debug|x64 = Debug|x64
		Debug|x86 = Debug|x86
		Release|x64 = Release|x64
		Release|x86 = Release|x86
	EndGlobalSection
	GlobalSection(ProjectConfigurationPlatforms) = postSolution
		{21FEBC06-6CD5-481B-8D1F-D4435D84349C}.Debug|x64.ActiveCfg = Debug|x64
		{21FEBC06-6CD5-481B-8D1F-D4435D84349C}.Debug|x64.Build.0 = Debug|x64
		{21FEBC06-6CD5-481B-8D1F-D4435D84349C}.Debug|x86.ActiveCfg = Debug|Win32
		{21FEBC06-6CD5-481B-8D1F-D4435D84349C}.Debug|x86.Build.0 = Debug|Win32
		{21FEBC06-6CD5-481B-8D1F-D4435D84349C}.Release|x64.ActiveCfg = Release|x64
		{21FEBC06-6CD5-481B-8D1F-D4435D84349C}.Release|x64.Build.0 = Release|x64
		{21FEBC06-6CD5-481B-8D1F-D4435D84349C}.Release|x86.ActiveCfg = Release|Win32
		{21FEBC06-6CD5-481B-8D1F-D4435D84349C}.Release|x86.Build.0 = Release|Win32
	EndGlobalSection
	GlobalSection(SolutionProperties) = preSolution
		HideSolutionNode = FALSE
	EndGlobalSection
	GlobalSection(ExtensibilityGlobals) = postSolution
		SolutionGuid = {0C630519-D801-4E2D-A8A7-E3C3E0998B28}
	EndGlobalSection
EndGlobal
