
Microsoft Visual Studio Solution File, Format Version 12.00
# Visual Studio 2013
VisualStudioVersion = 12.0.21005.1
MinimumVisualStudioVersion = 10.0.40219.1
Project("{8BC9CEB8-8B4A-11D0-8D11-00A0C91BC942}") = "20_3_21_OJ31", "20_3_21_OJ31\20_3_21_OJ31.vcxproj", "{304D90BB-6997-43E6-ACE1-EBC74A922335}"
EndProject
Global
	GlobalSection(SolutionConfigurationPlatforms) = preSolution
		Debug|Win32 = Debug|Win32
		Release|Win32 = Release|Win32
	EndGlobalSection
	GlobalSection(ProjectConfigurationPlatforms) = postSolution
		{304D90BB-6997-43E6-ACE1-EBC74A922335}.Debug|Win32.ActiveCfg = Debug|Win32
		{304D90BB-6997-43E6-ACE1-EBC74A922335}.Debug|Win32.Build.0 = Debug|Win32
		{304D90BB-6997-43E6-ACE1-EBC74A922335}.Release|Win32.ActiveCfg = Release|Win32
		{304D90BB-6997-43E6-ACE1-EBC74A922335}.Release|Win32.Build.0 = Release|Win32
	EndGlobalSection
	GlobalSection(SolutionProperties) = preSolution
		HideSolutionNode = FALSE
	EndGlobalSection
EndGlobal
