
Microsoft Visual Studio Solution File, Format Version 12.00
# Visual Studio Version 16
VisualStudioVersion = 16.0.30804.86
MinimumVisualStudioVersion = 10.0.40219.1
Project("{8BC9CEB8-8B4A-11D0-8D11-00A0C91BC942}") = "21_2_3", "21_2_3.vcxproj", "{233FE132-1946-4150-91E9-8561D249A07C}"
EndProject
Global
	GlobalSection(SolutionConfigurationPlatforms) = preSolution
		Debug|x64 = Debug|x64
		Debug|x86 = Debug|x86
		Release|x64 = Release|x64
		Release|x86 = Release|x86
	EndGlobalSection
	GlobalSection(ProjectConfigurationPlatforms) = postSolution
		{233FE132-1946-4150-91E9-8561D249A07C}.Debug|x64.ActiveCfg = Debug|x64
		{233FE132-1946-4150-91E9-8561D249A07C}.Debug|x64.Build.0 = Debug|x64
		{233FE132-1946-4150-91E9-8561D249A07C}.Debug|x86.ActiveCfg = Debug|Win32
		{233FE132-1946-4150-91E9-8561D249A07C}.Debug|x86.Build.0 = Debug|Win32
		{233FE132-1946-4150-91E9-8561D249A07C}.Release|x64.ActiveCfg = Release|x64
		{233FE132-1946-4150-91E9-8561D249A07C}.Release|x64.Build.0 = Release|x64
		{233FE132-1946-4150-91E9-8561D249A07C}.Release|x86.ActiveCfg = Release|Win32
		{233FE132-1946-4150-91E9-8561D249A07C}.Release|x86.Build.0 = Release|Win32
	EndGlobalSection
	GlobalSection(SolutionProperties) = preSolution
		HideSolutionNode = FALSE
	EndGlobalSection
	GlobalSection(ExtensibilityGlobals) = postSolution
		SolutionGuid = {CB5B18DB-F366-4C81-BF72-FB6CD0F3BA35}
	EndGlobalSection
EndGlobal
