
Microsoft Visual Studio Solution File, Format Version 12.00
# Visual Studio Version 16
VisualStudioVersion = 16.0.30804.86
MinimumVisualStudioVersion = 10.0.40219.1
Project("{8BC9CEB8-8B4A-11D0-8D11-00A0C91BC942}") = "21_6_9", "21_6_9\21_6_9.vcxproj", "{E80B7977-B0AB-40F2-8EAC-52DAFD16A13D}"
EndProject
Global
	GlobalSection(SolutionConfigurationPlatforms) = preSolution
		Debug|x64 = Debug|x64
		Debug|x86 = Debug|x86
		Release|x64 = Release|x64
		Release|x86 = Release|x86
	EndGlobalSection
	GlobalSection(ProjectConfigurationPlatforms) = postSolution
		{E80B7977-B0AB-40F2-8EAC-52DAFD16A13D}.Debug|x64.ActiveCfg = Debug|x64
		{E80B7977-B0AB-40F2-8EAC-52DAFD16A13D}.Debug|x64.Build.0 = Debug|x64
		{E80B7977-B0AB-40F2-8EAC-52DAFD16A13D}.Debug|x86.ActiveCfg = Debug|Win32
		{E80B7977-B0AB-40F2-8EAC-52DAFD16A13D}.Debug|x86.Build.0 = Debug|Win32
		{E80B7977-B0AB-40F2-8EAC-52DAFD16A13D}.Release|x64.ActiveCfg = Release|x64
		{E80B7977-B0AB-40F2-8EAC-52DAFD16A13D}.Release|x64.Build.0 = Release|x64
		{E80B7977-B0AB-40F2-8EAC-52DAFD16A13D}.Release|x86.ActiveCfg = Release|Win32
		{E80B7977-B0AB-40F2-8EAC-52DAFD16A13D}.Release|x86.Build.0 = Release|Win32
	EndGlobalSection
	GlobalSection(SolutionProperties) = preSolution
		HideSolutionNode = FALSE
	EndGlobalSection
	GlobalSection(ExtensibilityGlobals) = postSolution
		SolutionGuid = {F0471532-A73B-452C-B5CC-096138F23BA8}
	EndGlobalSection
EndGlobal
