
Microsoft Visual Studio Solution File, Format Version 12.00
# Visual Studio Version 16
VisualStudioVersion = 16.0.30804.86
MinimumVisualStudioVersion = 10.0.40219.1
Project("{8BC9CEB8-8B4A-11D0-8D11-00A0C91BC942}") = "21_8_2", "21_8_2\21_8_2.vcxproj", "{F9D96A00-426D-4809-81D8-B9B7DF1EFBDC}"
EndProject
Global
	GlobalSection(SolutionConfigurationPlatforms) = preSolution
		Debug|x64 = Debug|x64
		Debug|x86 = Debug|x86
		Release|x64 = Release|x64
		Release|x86 = Release|x86
	EndGlobalSection
	GlobalSection(ProjectConfigurationPlatforms) = postSolution
		{F9D96A00-426D-4809-81D8-B9B7DF1EFBDC}.Debug|x64.ActiveCfg = Debug|x64
		{F9D96A00-426D-4809-81D8-B9B7DF1EFBDC}.Debug|x64.Build.0 = Debug|x64
		{F9D96A00-426D-4809-81D8-B9B7DF1EFBDC}.Debug|x86.ActiveCfg = Debug|Win32
		{F9D96A00-426D-4809-81D8-B9B7DF1EFBDC}.Debug|x86.Build.0 = Debug|Win32
		{F9D96A00-426D-4809-81D8-B9B7DF1EFBDC}.Release|x64.ActiveCfg = Release|x64
		{F9D96A00-426D-4809-81D8-B9B7DF1EFBDC}.Release|x64.Build.0 = Release|x64
		{F9D96A00-426D-4809-81D8-B9B7DF1EFBDC}.Release|x86.ActiveCfg = Release|Win32
		{F9D96A00-426D-4809-81D8-B9B7DF1EFBDC}.Release|x86.Build.0 = Release|Win32
	EndGlobalSection
	GlobalSection(SolutionProperties) = preSolution
		HideSolutionNode = FALSE
	EndGlobalSection
	GlobalSection(ExtensibilityGlobals) = postSolution
		SolutionGuid = {91AA892E-5588-445F-872A-A1B18BBFB17C}
	EndGlobalSection
EndGlobal
