
Microsoft Visual Studio Solution File, Format Version 12.00
# Visual Studio Version 16
VisualStudioVersion = 16.0.30804.86
MinimumVisualStudioVersion = 10.0.40219.1
Project("{8BC9CEB8-8B4A-11D0-8D11-00A0C91BC942}") = "21_6_5", "21_6_5\21_6_5.vcxproj", "{CD0BF94C-F90E-4523-BBC9-FF85D09F5C6A}"
EndProject
Global
	GlobalSection(SolutionConfigurationPlatforms) = preSolution
		Debug|x64 = Debug|x64
		Debug|x86 = Debug|x86
		Release|x64 = Release|x64
		Release|x86 = Release|x86
	EndGlobalSection
	GlobalSection(ProjectConfigurationPlatforms) = postSolution
		{CD0BF94C-F90E-4523-BBC9-FF85D09F5C6A}.Debug|x64.ActiveCfg = Debug|x64
		{CD0BF94C-F90E-4523-BBC9-FF85D09F5C6A}.Debug|x64.Build.0 = Debug|x64
		{CD0BF94C-F90E-4523-BBC9-FF85D09F5C6A}.Debug|x86.ActiveCfg = Debug|Win32
		{CD0BF94C-F90E-4523-BBC9-FF85D09F5C6A}.Debug|x86.Build.0 = Debug|Win32
		{CD0BF94C-F90E-4523-BBC9-FF85D09F5C6A}.Release|x64.ActiveCfg = Release|x64
		{CD0BF94C-F90E-4523-BBC9-FF85D09F5C6A}.Release|x64.Build.0 = Release|x64
		{CD0BF94C-F90E-4523-BBC9-FF85D09F5C6A}.Release|x86.ActiveCfg = Release|Win32
		{CD0BF94C-F90E-4523-BBC9-FF85D09F5C6A}.Release|x86.Build.0 = Release|Win32
	EndGlobalSection
	GlobalSection(SolutionProperties) = preSolution
		HideSolutionNode = FALSE
	EndGlobalSection
	GlobalSection(ExtensibilityGlobals) = postSolution
		SolutionGuid = {342FCD39-2D6B-4541-B01C-4DAC584949FA}
	EndGlobalSection
EndGlobal
