
Microsoft Visual Studio Solution File, Format Version 12.00
# Visual Studio Version 16
VisualStudioVersion = 16.0.30804.86
MinimumVisualStudioVersion = 10.0.40219.1
Project("{8BC9CEB8-8B4A-11D0-8D11-00A0C91BC942}") = "21_8_18", "21_8_18\21_8_18.vcxproj", "{65C0A5F0-B2B3-4E16-8AE3-6220DA1A889C}"
EndProject
Global
	GlobalSection(SolutionConfigurationPlatforms) = preSolution
		Debug|x64 = Debug|x64
		Debug|x86 = Debug|x86
		Release|x64 = Release|x64
		Release|x86 = Release|x86
	EndGlobalSection
	GlobalSection(ProjectConfigurationPlatforms) = postSolution
		{65C0A5F0-B2B3-4E16-8AE3-6220DA1A889C}.Debug|x64.ActiveCfg = Debug|x64
		{65C0A5F0-B2B3-4E16-8AE3-6220DA1A889C}.Debug|x64.Build.0 = Debug|x64
		{65C0A5F0-B2B3-4E16-8AE3-6220DA1A889C}.Debug|x86.ActiveCfg = Debug|Win32
		{65C0A5F0-B2B3-4E16-8AE3-6220DA1A889C}.Debug|x86.Build.0 = Debug|Win32
		{65C0A5F0-B2B3-4E16-8AE3-6220DA1A889C}.Release|x64.ActiveCfg = Release|x64
		{65C0A5F0-B2B3-4E16-8AE3-6220DA1A889C}.Release|x64.Build.0 = Release|x64
		{65C0A5F0-B2B3-4E16-8AE3-6220DA1A889C}.Release|x86.ActiveCfg = Release|Win32
		{65C0A5F0-B2B3-4E16-8AE3-6220DA1A889C}.Release|x86.Build.0 = Release|Win32
	EndGlobalSection
	GlobalSection(SolutionProperties) = preSolution
		HideSolutionNode = FALSE
	EndGlobalSection
	GlobalSection(ExtensibilityGlobals) = postSolution
		SolutionGuid = {8B533C2E-C38E-4D7D-897E-73E21CB4ADB1}
	EndGlobalSection
EndGlobal
